// !$*UTF8*$!
{
	archiveVersion = 1;
	classes = {
	};
	objectVersion = 46;
	objects = {

/* Begin PBXBuildFile section */
		C2B737A1197D3EAF002642AF /* Foundation.framework in Frameworks */ = {isa = PBXBuildFile; fileRef = C2B737A0197D3EAF002642AF /* Foundation.framework */; };
		C2B737A3197D3EAF002642AF /* CoreGraphics.framework in Frameworks */ = {isa = PBXBuildFile; fileRef = C2B737A2197D3EAF002642AF /* CoreGraphics.framework */; };
		C2B737A5197D3EAF002642AF /* UIKit.framework in Frameworks */ = {isa = PBXBuildFile; fileRef = C2B737A4197D3EAF002642AF /* UIKit.framework */; };
		C2B737AB197D3EAF002642AF /* InfoPlist.strings in Resources */ = {isa = PBXBuildFile; fileRef = C2B737A9197D3EAF002642AF /* InfoPlist.strings */; };
		C2B737AD197D3EAF002642AF /* main.m in Sources */ = {isa = PBXBuildFile; fileRef = C2B737AC197D3EAF002642AF /* main.m */; };
		C2B737B1197D3EAF002642AF /* AppDelegate.m in Sources */ = {isa = PBXBuildFile; fileRef = C2B737B0197D3EAF002642AF /* AppDelegate.m */; };
		C2B737B4197D3EAF002642AF /* Main.storyboard in Resources */ = {isa = PBXBuildFile; fileRef = C2B737B2197D3EAF002642AF /* Main.storyboard */; };
		C2B737B7197D3EAF002642AF /* ViewController.m in Sources */ = {isa = PBXBuildFile; fileRef = C2B737B6197D3EAF002642AF /* ViewController.m */; };
		C2B737B9197D3EAF002642AF /* Images.xcassets in Resources */ = {isa = PBXBuildFile; fileRef = C2B737B8197D3EAF002642AF /* Images.xcassets */; };
		C2B737C0197D3EAF002642AF /* XCTest.framework in Frameworks */ = {isa = PBXBuildFile; fileRef = C2B737BF197D3EAF002642AF /* XCTest.framework */; };
		C2B737C1197D3EAF002642AF /* Foundation.framework in Frameworks */ = {isa = PBXBuildFile; fileRef = C2B737A0197D3EAF002642AF /* Foundation.framework */; };
		C2B737C2197D3EAF002642AF /* UIKit.framework in Frameworks */ = {isa = PBXBuildFile; fileRef = C2B737A4197D3EAF002642AF /* UIKit.framework */; };
		C2B737CA197D3EAF002642AF /* InfoPlist.strings in Resources */ = {isa = PBXBuildFile; fileRef = C2B737C8197D3EAF002642AF /* InfoPlist.strings */; };
		C2B737CC197D3EAF002642AF /* SukazemiJankenTests.m in Sources */ = {isa = PBXBuildFile; fileRef = C2B737CB197D3EAF002642AF /* SukazemiJankenTests.m */; };
		C2B737D8197D4C12002642AF /* janken_pa.png in Resources */ = {isa = PBXBuildFile; fileRef = C2B737D5197D4C12002642AF /* janken_pa.png */; };
		C2B737D9197D4C12002642AF /* janken_choki.png in Resources */ = {isa = PBXBuildFile; fileRef = C2B737D6197D4C12002642AF /* janken_choki.png */; };
		C2B737DA197D4C12002642AF /* janken_gu.png in Resources */ = {isa = PBXBuildFile; fileRef = C2B737D7197D4C12002642AF /* janken_gu.png */; };
		C2B737DC197DF9CA002642AF /* README.md in Resources */ = {isa = PBXBuildFile; fileRef = C2B737DB197DF9CA002642AF /* README.md */; };
/* End PBXBuildFile section */

/* Begin PBXContainerItemProxy section */
		C2B737C3197D3EAF002642AF /* PBXContainerItemProxy */ = {
			isa = PBXContainerItemProxy;
			containerPortal = C2B73795197D3EAF002642AF /* Project object */;
			proxyType = 1;
			remoteGlobalIDString = C2B7379C197D3EAF002642AF;
			remoteInfo = SukazemiJanken;
		};
/* End PBXContainerItemProxy section */

/* Begin PBXFileReference section */
		C2B7379D197D3EAF002642AF /* SukazemiJanken.app */ = {isa = PBXFileReference; explicitFileType = wrapper.application; includeInIndex = 0; path = SukazemiJanken.app; sourceTree = BUILT_PRODUCTS_DIR; };
		C2B737A0197D3EAF002642AF /* Foundation.framework */ = {isa = PBXFileReference; lastKnownFileType = wrapper.framework; name = Foundation.framework; path = System/Library/Frameworks/Foundation.framework; sourceTree = SDKROOT; };
		C2B737A2197D3EAF002642AF /* CoreGraphics.framework */ = {isa = PBXFileReference; lastKnownFileType = wrapper.framework; name = CoreGraphics.framework; path = System/Library/Frameworks/CoreGraphics.framework; sourceTree = SDKROOT; };
		C2B737A4197D3EAF002642AF /* UIKit.framework */ = {isa = PBXFileReference; lastKnownFileType = wrapper.framework; name = UIKit.framework; path = System/Library/Frameworks/UIKit.framework; sourceTree = SDKROOT; };
		C2B737A8197D3EAF002642AF /* SukazemiJanken-Info.plist */ = {isa = PBXFileReference; lastKnownFileType = text.plist.xml; path = "SukazemiJanken-Info.plist"; sourceTree = "<group>"; };
		C2B737AA197D3EAF002642AF /* en */ = {isa = PBXFileReference; lastKnownFileType = text.plist.strings; name = en; path = en.lproj/InfoPlist.strings; sourceTree = "<group>"; };
		C2B737AC197D3EAF002642AF /* main.m */ = {isa = PBXFileReference; lastKnownFileType = sourcecode.c.objc; path = main.m; sourceTree = "<group>"; };
		C2B737AE197D3EAF002642AF /* SukazemiJanken-Prefix.pch */ = {isa = PBXFileReference; lastKnownFileType = sourcecode.c.h; path = "SukazemiJanken-Prefix.pch"; sourceTree = "<group>"; };
		C2B737AF197D3EAF002642AF /* AppDelegate.h */ = {isa = PBXFileReference; lastKnownFileType = sourcecode.c.h; path = AppDelegate.h; sourceTree = "<group>"; };
		C2B737B0197D3EAF002642AF /* AppDelegate.m */ = {isa = PBXFileReference; lastKnownFileType = sourcecode.c.objc; path = AppDelegate.m; sourceTree = "<group>"; };
		C2B737B3197D3EAF002642AF /* Base */ = {isa = PBXFileReference; lastKnownFileType = file.storyboard; name = Base; path = Base.lproj/Main.storyboard; sourceTree = "<group>"; };
		C2B737B5197D3EAF002642AF /* ViewController.h */ = {isa = PBXFileReference; lastKnownFileType = sourcecode.c.h; path = ViewController.h; sourceTree = "<group>"; };
		C2B737B6197D3EAF002642AF /* ViewController.m */ = {isa = PBXFileReference; lastKnownFileType = sourcecode.c.objc; path = ViewController.m; sourceTree = "<group>"; };
		C2B737B8197D3EAF002642AF /* Images.xcassets */ = {isa = PBXFileReference; lastKnownFileType = folder.assetcatalog; path = Images.xcassets; sourceTree = "<group>"; };
		C2B737BE197D3EAF002642AF /* SukazemiJankenTests.xctest */ = {isa = PBXFileReference; explicitFileType = wrapper.cfbundle; includeInIndex = 0; path = SukazemiJankenTests.xctest; sourceTree = BUILT_PRODUCTS_DIR; };
		C2B737BF197D3EAF002642AF /* XCTest.framework */ = {isa = PBXFileReference; lastKnownFileType = wrapper.framework; name = XCTest.framework; path = Library/Frameworks/XCTest.framework; sourceTree = DEVELOPER_DIR; };
		C2B737C7197D3EAF002642AF /* SukazemiJankenTests-Info.plist */ = {isa = PBXFileReference; lastKnownFileType = text.plist.xml; path = "SukazemiJankenTests-Info.plist"; sourceTree = "<group>"; };
		C2B737C9197D3EAF002642AF /* en */ = {isa = PBXFileReference; lastKnownFileType = text.plist.strings; name = en; path = en.lproj/InfoPlist.strings; sourceTree = "<group>"; };
		C2B737CB197D3EAF002642AF /* SukazemiJankenTests.m */ = {isa = PBXFileReference; lastKnownFileType = sourcecode.c.objc; path = SukazemiJankenTests.m; sourceTree = "<group>"; };
		C2B737D5197D4C12002642AF /* janken_pa.png */ = {isa = PBXFileReference; lastKnownFileType = image.png; path = janken_pa.png; sourceTree = "<group>"; };
		C2B737D6197D4C12002642AF /* janken_choki.png */ = {isa = PBXFileReference; lastKnownFileType = image.png; path = janken_choki.png; sourceTree = "<group>"; };
		C2B737D7197D4C12002642AF /* janken_gu.png */ = {isa = PBXFileReference; lastKnownFileType = image.png; path = janken_gu.png; sourceTree = "<group>"; };
		C2B737DB197DF9CA002642AF /* README.md */ = {isa = PBXFileReference; fileEncoding = 4; lastKnownFileType = text; path = README.md; sourceTree = "<group>"; };
/* End PBXFileReference section */

/* Begin PBXFrameworksBuildPhase section */
		C2B7379A197D3EAF002642AF /* Frameworks */ = {
			isa = PBXFrameworksBuildPhase;
			buildActionMask = 2147483647;
			files = (
				C2B737A3197D3EAF002642AF /* CoreGraphics.framework in Frameworks */,
				C2B737A5197D3EAF002642AF /* UIKit.framework in Frameworks */,
				C2B737A1197D3EAF002642AF /* Foundation.framework in Frameworks */,
			);
			runOnlyForDeploymentPostprocessing = 0;
		};
		C2B737BB197D3EAF002642AF /* Frameworks */ = {
			isa = PBXFrameworksBuildPhase;
			buildActionMask = 2147483647;
			files = (
				C2B737C0197D3EAF002642AF /* XCTest.framework in Frameworks */,
				C2B737C2197D3EAF002642AF /* UIKit.framework in Frameworks */,
				C2B737C1197D3EAF002642AF /* Foundation.framework in Frameworks */,
			);
			runOnlyForDeploymentPostprocessing = 0;
		};
/* End PBXFrameworksBuildPhase section */

/* Begin PBXGroup section */
		C2B73794197D3EAF002642AF = {
			isa = PBXGroup;
			children = (
				C2B737DB197DF9CA002642AF /* README.md */,
				C2B737A6197D3EAF002642AF /* SukazemiJanken */,
				C2B737C5197D3EAF002642AF /* SukazemiJankenTests */,
				C2B7379F197D3EAF002642AF /* Frameworks */,
				C2B7379E197D3EAF002642AF /* Products */,
			);
			sourceTree = "<group>";
		};
		C2B7379E197D3EAF002642AF /* Products */ = {
			isa = PBXGroup;
			children = (
				C2B7379D197D3EAF002642AF /* SukazemiJanken.app */,
				C2B737BE197D3EAF002642AF /* SukazemiJankenTests.xctest */,
			);
			name = Products;
			sourceTree = "<group>";
		};
		C2B7379F197D3EAF002642AF /* Frameworks */ = {
			isa = PBXGroup;
			children = (
				C2B737A0197D3EAF002642AF /* Foundation.framework */,
				C2B737A2197D3EAF002642AF /* CoreGraphics.framework */,
				C2B737A4197D3EAF002642AF /* UIKit.framework */,
				C2B737BF197D3EAF002642AF /* XCTest.framework */,
			);
			name = Frameworks;
			sourceTree = "<group>";
		};
		C2B737A6197D3EAF002642AF /* SukazemiJanken */ = {
			isa = PBXGroup;
			children = (
				C2B737D5197D4C12002642AF /* janken_pa.png */,
				C2B737D6197D4C12002642AF /* janken_choki.png */,
				C2B737D7197D4C12002642AF /* janken_gu.png */,
				C2B737AF197D3EAF002642AF /* AppDelegate.h */,
				C2B737B0197D3EAF002642AF /* AppDelegate.m */,
				C2B737B2197D3EAF002642AF /* Main.storyboard */,
				C2B737B5197D3EAF002642AF /* ViewController.h */,
				C2B737B6197D3EAF002642AF /* ViewController.m */,
				C2B737B8197D3EAF002642AF /* Images.xcassets */,
				C2B737A7197D3EAF002642AF /* Supporting Files */,
			);
			path = SukazemiJanken;
			sourceTree = "<group>";
		};
		C2B737A7197D3EAF002642AF /* Supporting Files */ = {
			isa = PBXGroup;
			children = (
				C2B737A8197D3EAF002642AF /* SukazemiJanken-Info.plist */,
				C2B737A9197D3EAF002642AF /* InfoPlist.strings */,
				C2B737AC197D3EAF002642AF /* main.m */,
				C2B737AE197D3EAF002642AF /* SukazemiJanken-Prefix.pch */,
			);
			name = "Supporting Files";
			sourceTree = "<group>";
		};
		C2B737C5197D3EAF002642AF /* SukazemiJankenTests */ = {
			isa = PBXGroup;
			children = (
				C2B737CB197D3EAF002642AF /* SukazemiJankenTests.m */,
				C2B737C6197D3EAF002642AF /* Supporting Files */,
			);
			path = SukazemiJankenTests;
			sourceTree = "<group>";
		};
		C2B737C6197D3EAF002642AF /* Supporting Files */ = {
			isa = PBXGroup;
			children = (
				C2B737C7197D3EAF002642AF /* SukazemiJankenTests-Info.plist */,
				C2B737C8197D3EAF002642AF /* InfoPlist.strings */,
			);
			name = "Supporting Files";
			sourceTree = "<group>";
		};
/* End PBXGroup section */

/* Begin PBXNativeTarget section */
		C2B7379C197D3EAF002642AF /* SukazemiJanken */ = {
			isa = PBXNativeTarget;
			buildConfigurationList = C2B737CF197D3EAF002642AF /* Build configuration list for PBXNativeTarget "SukazemiJanken" */;
			buildPhases = (
				C2B73799197D3EAF002642AF /* Sources */,
				C2B7379A197D3EAF002642AF /* Frameworks */,
				C2B7379B197D3EAF002642AF /* Resources */,
			);
			buildRules = (
			);
			dependencies = (
			);
			name = SukazemiJanken;
			productName = SukazemiJanken;
			productReference = C2B7379D197D3EAF002642AF /* SukazemiJanken.app */;
			productType = "com.apple.product-type.application";
		};
		C2B737BD197D3EAF002642AF /* SukazemiJankenTests */ = {
			isa = PBXNativeTarget;
			buildConfigurationList = C2B737D2197D3EAF002642AF /* Build configuration list for PBXNativeTarget "SukazemiJankenTests" */;
			buildPhases = (
				C2B737BA197D3EAF002642AF /* Sources */,
				C2B737BB197D3EAF002642AF /* Frameworks */,
				C2B737BC197D3EAF002642AF /* Resources */,
			);
			buildRules = (
			);
			dependencies = (
				C2B737C4197D3EAF002642AF /* PBXTargetDependency */,
			);
			name = SukazemiJankenTests;
			productName = SukazemiJankenTests;
			productReference = C2B737BE197D3EAF002642AF /* SukazemiJankenTests.xctest */;
			productType = "com.apple.product-type.bundle.unit-test";
		};
/* End PBXNativeTarget section */

/* Begin PBXProject section */
		C2B73795197D3EAF002642AF /* Project object */ = {
			isa = PBXProject;
			attributes = {
				LastUpgradeCheck = 0510;
				ORGANIZATIONNAME = "___FULLUSERNAME___";
				TargetAttributes = {
					C2B737BD197D3EAF002642AF = {
						TestTargetID = C2B7379C197D3EAF002642AF;
					};
				};
			};
			buildConfigurationList = C2B73798197D3EAF002642AF /* Build configuration list for PBXProject "SukazemiJanken" */;
			compatibilityVersion = "Xcode 3.2";
			developmentRegion = English;
			hasScannedForEncodings = 0;
			knownRegions = (
				en,
				Base,
			);
			mainGroup = C2B73794197D3EAF002642AF;
			productRefGroup = C2B7379E197D3EAF002642AF /* Products */;
			projectDirPath = "";
			projectRoot = "";
			targets = (
				C2B7379C197D3EAF002642AF /* SukazemiJanken */,
				C2B737BD197D3EAF002642AF /* SukazemiJankenTests */,
			);
		};
/* End PBXProject section */

/* Begin PBXResourcesBuildPhase section */
		C2B7379B197D3EAF002642AF /* Resources */ = {
			isa = PBXResourcesBuildPhase;
			buildActionMask = 2147483647;
			files = (
				C2B737B9197D3EAF002642AF /* Images.xcassets in Resources */,
				C2B737AB197D3EAF002642AF /* InfoPlist.strings in Resources */,
				C2B737D9197D4C12002642AF /* janken_choki.png in Resources */,
				C2B737DC197DF9CA002642AF /* README.md in Resources */,
				C2B737B4197D3EAF002642AF /* Main.storyboard in Resources */,
				C2B737DA197D4C12002642AF /* janken_gu.png in Resources */,
				C2B737D8197D4C12002642AF /* janken_pa.png in Resources */,
			);
			runOnlyForDeploymentPostprocessing = 0;
		};
		C2B737BC197D3EAF002642AF /* Resources */ = {
			isa = PBXResourcesBuildPhase;
			buildActionMask = 2147483647;
			files = (
				C2B737CA197D3EAF002642AF /* InfoPlist.strings in Resources */,
			);
			runOnlyForDeploymentPostprocessing = 0;
		};
/* End PBXResourcesBuildPhase section */

/* Begin PBXSourcesBuildPhase section */
		C2B73799197D3EAF002642AF /* Sources */ = {
			isa = PBXSourcesBuildPhase;
			buildActionMask = 2147483647;
			files = (
				C2B737B7197D3EAF002642AF /* ViewController.m in Sources */,
				C2B737B1197D3EAF002642AF /* AppDelegate.m in Sources */,
				C2B737AD197D3EAF002642AF /* main.m in Sources */,
			);
			runOnlyForDeploymentPostprocessing = 0;
		};
		C2B737BA197D3EAF002642AF /* Sources */ = {
			isa = PBXSourcesBuildPhase;
			buildActionMask = 2147483647;
			files = (
				C2B737CC197D3EAF002642AF /* SukazemiJankenTests.m in Sources */,
			);
			runOnlyForDeploymentPostprocessing = 0;
		};
/* End PBXSourcesBuildPhase section */

/* Begin PBXTargetDependency section */
		C2B737C4197D3EAF002642AF /* PBXTargetDependency */ = {
			isa = PBXTargetDependency;
			target = C2B7379C197D3EAF002642AF /* SukazemiJanken */;
			targetProxy = C2B737C3197D3EAF002642AF /* PBXContainerItemProxy */;
		};
/* End PBXTargetDependency section */

/* Begin PBXVariantGroup section */
		C2B737A9197D3EAF002642AF /* InfoPlist.strings */ = {
			isa = PBXVariantGroup;
			children = (
				C2B737AA197D3EAF002642AF /* en */,
			);
			name = InfoPlist.strings;
			sourceTree = "<group>";
		};
		C2B737B2197D3EAF002642AF /* Main.storyboard */ = {
			isa = PBXVariantGroup;
			children = (
				C2B737B3197D3EAF002642AF /* Base */,
			);
			name = Main.storyboard;
			sourceTree = "<group>";
		};
		C2B737C8197D3EAF002642AF /* InfoPlist.strings */ = {
			isa = PBXVariantGroup;
			children = (
				C2B737C9197D3EAF002642AF /* en */,
			);
			name = InfoPlist.strings;
			sourceTree = "<group>";
		};
/* End PBXVariantGroup section */

/* Begin XCBuildConfiguration section */
		C2B737CD197D3EAF002642AF /* Debug */ = {
			isa = XCBuildConfiguration;
			buildSettings = {
				ALWAYS_SEARCH_USER_PATHS = NO;
				CLANG_CXX_LANGUAGE_STANDARD = "gnu++0x";
				CLANG_CXX_LIBRARY = "libc++";
				CLANG_ENABLE_MODULES = YES;
				CLANG_ENABLE_OBJC_ARC = YES;
				CLANG_WARN_BOOL_CONVERSION = YES;
				CLANG_WARN_CONSTANT_CONVERSION = YES;
				CLANG_WARN_DIRECT_OBJC_ISA_USAGE = YES_ERROR;
				CLANG_WARN_EMPTY_BODY = YES;
				CLANG_WARN_ENUM_CONVERSION = YES;
				CLANG_WARN_INT_CONVERSION = YES;
				CLANG_WARN_OBJC_ROOT_CLASS = YES_ERROR;
				CLANG_WARN__DUPLICATE_METHOD_MATCH = YES;
				"CODE_SIGN_IDENTITY[sdk=iphoneos*]" = "iPhone Developer";
				COPY_PHASE_STRIP = NO;
				GCC_C_LANGUAGE_STANDARD = gnu99;
				GCC_DYNAMIC_NO_PIC = NO;
				GCC_OPTIMIZATION_LEVEL = 0;
				GCC_PREPROCESSOR_DEFINITIONS = (
					"DEBUG=1",
					"$(inherited)",
				);
				GCC_SYMBOLS_PRIVATE_EXTERN = NO;
				GCC_WARN_64_TO_32_BIT_CONVERSION = YES;
				GCC_WARN_ABOUT_RETURN_TYPE = YES_ERROR;
				GCC_WARN_UNDECLARED_SELECTOR = YES;
				GCC_WARN_UNINITIALIZED_AUTOS = YES_AGGRESSIVE;
				GCC_WARN_UNUSED_FUNCTION = YES;
				GCC_WARN_UNUSED_VARIABLE = YES;
				IPHONEOS_DEPLOYMENT_TARGET = 7.1;
				ONLY_ACTIVE_ARCH = YES;
				SDKROOT = iphoneos;
			};
			name = Debug;
		};
		C2B737CE197D3EAF002642AF /* Release */ = {
			isa = XCBuildConfiguration;
			buildSettings = {
				ALWAYS_SEARCH_USER_PATHS = NO;
				CLANG_CXX_LANGUAGE_STANDARD = "gnu++0x";
				CLANG_CXX_LIBRARY = "libc++";
				CLANG_ENABLE_MODULES = YES;
				CLANG_ENABLE_OBJC_ARC = YES;
				CLANG_WARN_BOOL_CONVERSION = YES;
				CLANG_WARN_CONSTANT_CONVERSION = YES;
				CLANG_WARN_DIRECT_OBJC_ISA_USAGE = YES_ERROR;
				CLANG_WARN_EMPTY_BODY = YES;
				CLANG_WARN_ENUM_CONVERSION = YES;
				CLANG_WARN_INT_CONVERSION = YES;
				CLANG_WARN_OBJC_ROOT_CLASS = YES_ERROR;
				CLANG_WARN__DUPLICATE_METHOD_MATCH = YES;
				"CODE_SIGN_IDENTITY[sdk=iphoneos*]" = "iPhone Developer";
				COPY_PHASE_STRIP = YES;
				ENABLE_NS_ASSERTIONS = NO;
				GCC_C_LANGUAGE_STANDARD = gnu99;
				GCC_WARN_64_TO_32_BIT_CONVERSION = YES;
				GCC_WARN_ABOUT_RETURN_TYPE = YES_ERROR;
				GCC_WARN_UNDECLARED_SELECTOR = YES;
				GCC_WARN_UNINITIALIZED_AUTOS = YES_AGGRESSIVE;
				GCC_WARN_UNUSED_FUNCTION = YES;
				GCC_WARN_UNUSED_VARIABLE = YES;
				IPHONEOS_DEPLOYMENT_TARGET = 7.1;
				SDKROOT = iphoneos;
				VALIDATE_PRODUCT = YES;
			};
			name = Release;
		};
		C2B737D0197D3EAF002642AF /* Debug */ = {
			isa = XCBuildConfiguration;
			buildSettings = {
				ASSETCATALOG_COMPILER_APPICON_NAME = AppIcon;
				ASSETCATALOG_COMPILER_LAUNCHIMAGE_NAME = LaunchImage;
				GCC_PRECOMPILE_PREFIX_HEADER = YES;
				GCC_PREFIX_HEADER = "SukazemiJanken/SukazemiJanken-Prefix.pch";
				INFOPLIST_FILE = "SukazemiJanken/SukazemiJanken-Info.plist";
				PRODUCT_NAME = "$(TARGET_NAME)";
				WRAPPER_EXTENSION = app;
			};
			name = Debug;
		};
		C2B737D1197D3EAF002642AF /* Release */ = {
			isa = XCBuildConfiguration;
			buildSettings = {
				ASSETCATALOG_COMPILER_APPICON_NAME = AppIcon;
				ASSETCATALOG_COMPILER_LAUNCHIMAGE_NAME = LaunchImage;
				GCC_PRECOMPILE_PREFIX_HEADER = YES;
				GCC_PREFIX_HEADER = "SukazemiJanken/SukazemiJanken-Prefix.pch";
				INFOPLIST_FILE = "SukazemiJanken/SukazemiJanken-Info.plist";
				PRODUCT_NAME = "$(TARGET_NAME)";
				WRAPPER_EXTENSION = app;
			};
			name = Release;
		};
		C2B737D3197D3EAF002642AF /* Debug */ = {
			isa = XCBuildConfiguration;
			buildSettings = {
				BUNDLE_LOADER = "$(BUILT_PRODUCTS_DIR)/SukazemiJanken.app/SukazemiJanken";
				FRAMEWORK_SEARCH_PATHS = (
					"$(SDKROOT)/Developer/Library/Frameworks",
					"$(inherited)",
					"$(DEVELOPER_FRAMEWORKS_DIR)",
				);
				GCC_PRECOMPILE_PREFIX_HEADER = YES;
				GCC_PREFIX_HEADER = "SukazemiJanken/SukazemiJanken-Prefix.pch";
				GCC_PREPROCESSOR_DEFINITIONS = (
					"DEBUG=1",
					"$(inherited)",
				);
				INFOPLIST_FILE = "SukazemiJankenTests/SukazemiJankenTests-Info.plist";
				PRODUCT_NAME = "$(TARGET_NAME)";
				TEST_HOST = "$(BUNDLE_LOADER)";
				WRAPPER_EXTENSION = xctest;
			};
			name = Debug;
		};
		C2B737D4197D3EAF002642AF /* Release */ = {
			isa = XCBuildConfiguration;
			buildSettings = {
				BUNDLE_LOADER = "$(BUILT_PRODUCTS_DIR)/SukazemiJanken.app/SukazemiJanken";
				FRAMEWORK_SEARCH_PATHS = (
					"$(SDKROOT)/Developer/Library/Frameworks",
					"$(inherited)",
					"$(DEVELOPER_FRAMEWORKS_DIR)",
				);
				GCC_PRECOMPILE_PREFIX_HEADER = YES;
				GCC_PREFIX_HEADER = "SukazemiJanken/SukazemiJanken-Prefix.pch";
				INFOPLIST_FILE = "SukazemiJankenTests/SukazemiJankenTests-Info.plist";
				PRODUCT_NAME = "$(TARGET_NAME)";
				TEST_HOST = "$(BUNDLE_LOADER)";
				WRAPPER_EXTENSION = xctest;
			};
			name = Release;
		};
/* End XCBuildConfiguration section */

/* Begin XCConfigurationList section */
		C2B73798197D3EAF002642AF /* Build configuration list for PBXProject "SukazemiJanken" */ = {
			isa = XCConfigurationList;
			buildConfigurations = (
				C2B737CD197D3EAF002642AF /* Debug */,
				C2B737CE197D3EAF002642AF /* Release */,
			);
			defaultConfigurationIsVisible = 0;
			defaultConfigurationName = Release;
		};
		C2B737CF197D3EAF002642AF /* Build configuration list for PBXNativeTarget "SukazemiJanken" */ = {
			isa = XCConfigurationList;
			buildConfigurations = (
				C2B737D0197D3EAF002642AF /* Debug */,
				C2B737D1197D3EAF002642AF /* Release */,
			);
			defaultConfigurationIsVisible = 0;
		};
		C2B737D2197D3EAF002642AF /* Build configuration list for PBXNativeTarget "SukazemiJankenTests" */ = {
			isa = XCConfigurationList;
			buildConfigurations = (
				C2B737D3197D3EAF002642AF /* Debug */,
				C2B737D4197D3EAF002642AF /* Release */,
			);
			defaultConfigurationIsVisible = 0;
		};
/* End XCConfigurationList section */
	};
	rootObject = C2B73795197D3EAF002642AF /* Project object */;
}
